
Microsoft Visual Studio Solution File, Format Version 12.00
# Visual Studio 15
VisualStudioVersion = 15.0.27428.2043
MinimumVisualStudioVersion = 10.0.40219.1
Project("{FAE04EC0-301F-11D3-BF4B-00C04F79EFBC}") = "SimpleShop", "SimpleShop\SimpleShop.csproj", "{90147CAE-3D38-44A7-87D3-F9D777C99BDE}"
EndProject
Global
	GlobalSection(SolutionConfigurationPlatforms) = preSolution
		Debug|Any CPU = Debug|Any CPU
		Release|Any CPU = Release|Any CPU
	EndGlobalSection
	GlobalSection(ProjectConfigurationPlatforms) = postSolution
		{90147CAE-3D38-44A7-87D3-F9D777C99BDE}.Debug|Any CPU.ActiveCfg = Debug|Any CPU
		{90147CAE-3D38-44A7-87D3-F9D777C99BDE}.Debug|Any CPU.Build.0 = Debug|Any CPU
		{90147CAE-3D38-44A7-87D3-F9D777C99BDE}.Release|Any CPU.ActiveCfg = Release|Any CPU
		{90147CAE-3D38-44A7-87D3-F9D777C99BDE}.Release|Any CPU.Build.0 = Release|Any CPU
	EndGlobalSection
	GlobalSection(SolutionProperties) = preSolution
		HideSolutionNode = FALSE
	EndGlobalSection
	GlobalSection(ExtensibilityGlobals) = postSolution
		SolutionGuid = {5F7ED123-0824-4662-BBB5-D08B5225FFFC}
	EndGlobalSection
EndGlobal
